
Microsoft Visual Studio Solution File, Format Version 12.00
# Visual Studio Version 16
VisualStudioVersion = 16.0.30104.148
MinimumVisualStudioVersion = 10.0.40219.1
Project("{888888A0-9F3D-457C-B088-3A5042F75D52}") = "toripy", "toripy\toripy.pyproj", "{8FE09131-D43B-4E4E-BC47-54FB5BE431BE}"
EndProject
Global
	GlobalSection(SolutionConfigurationPlatforms) = preSolution
		Debug|Any CPU = Debug|Any CPU
		Release|Any CPU = Release|Any CPU
	EndGlobalSection
	GlobalSection(ProjectConfigurationPlatforms) = postSolution
		{8FE09131-D43B-4E4E-BC47-54FB5BE431BE}.Debug|Any CPU.ActiveCfg = Debug|Any CPU
		{8FE09131-D43B-4E4E-BC47-54FB5BE431BE}.Release|Any CPU.ActiveCfg = Release|Any CPU
	EndGlobalSection
	GlobalSection(SolutionProperties) = preSolution
		HideSolutionNode = FALSE
	EndGlobalSection
	GlobalSection(ExtensibilityGlobals) = postSolution
		SolutionGuid = {EE521047-930A-4DFD-A2D0-0DD6E4531ABC}
	EndGlobalSection
EndGlobal
